
Microsoft Visual Studio Solution File, Format Version 12.00
# Visual Studio 14
VisualStudioVersion = 14.0.25420.1
MinimumVisualStudioVersion = 10.0.40219.1
Project("{8BC9CEB8-8B4A-11D0-8D11-00A0C91BC942}") = "P2", "P2\P2.vcxproj", "{1D60C724-EC6C-4C2B-A573-B76561CC09C7}"
EndProject
Project("{8BC9CEB8-8B4A-11D0-8D11-00A0C91BC942}") = "P1", "P1\P1.vcxproj", "{5D79BA4E-6D20-4549-BE2B-B5C88F486ED0}"
EndProject
Project("{8BC9CEB8-8B4A-11D0-8D11-00A0C91BC942}") = "P2-DG", "P2-DG\P2-DG.vcxproj", "{4783E3F8-B6A5-404A-B904-410852C7AA08}"
EndProject
Global
	GlobalSection(SolutionConfigurationPlatforms) = preSolution
		Debug|x64 = Debug|x64
		Debug|x86 = Debug|x86
		Release|x64 = Release|x64
		Release|x86 = Release|x86
	EndGlobalSection
	GlobalSection(ProjectConfigurationPlatforms) = postSolution
		{1D60C724-EC6C-4C2B-A573-B76561CC09C7}.Debug|x64.ActiveCfg = Debug|x64
		{1D60C724-EC6C-4C2B-A573-B76561CC09C7}.Debug|x64.Build.0 = Debug|x64
		{1D60C724-EC6C-4C2B-A573-B76561CC09C7}.Debug|x86.ActiveCfg = Debug|Win32
		{1D60C724-EC6C-4C2B-A573-B76561CC09C7}.Debug|x86.Build.0 = Debug|Win32
		{1D60C724-EC6C-4C2B-A573-B76561CC09C7}.Release|x64.ActiveCfg = Release|x64
		{1D60C724-EC6C-4C2B-A573-B76561CC09C7}.Release|x64.Build.0 = Release|x64
		{1D60C724-EC6C-4C2B-A573-B76561CC09C7}.Release|x86.ActiveCfg = Release|Win32
		{1D60C724-EC6C-4C2B-A573-B76561CC09C7}.Release|x86.Build.0 = Release|Win32
		{5D79BA4E-6D20-4549-BE2B-B5C88F486ED0}.Debug|x64.ActiveCfg = Debug|x64
		{5D79BA4E-6D20-4549-BE2B-B5C88F486ED0}.Debug|x64.Build.0 = Debug|x64
		{5D79BA4E-6D20-4549-BE2B-B5C88F486ED0}.Debug|x86.ActiveCfg = Debug|Win32
		{5D79BA4E-6D20-4549-BE2B-B5C88F486ED0}.Debug|x86.Build.0 = Debug|Win32
		{5D79BA4E-6D20-4549-BE2B-B5C88F486ED0}.Release|x64.ActiveCfg = Release|x64
		{5D79BA4E-6D20-4549-BE2B-B5C88F486ED0}.Release|x64.Build.0 = Release|x64
		{5D79BA4E-6D20-4549-BE2B-B5C88F486ED0}.Release|x86.ActiveCfg = Release|Win32
		{5D79BA4E-6D20-4549-BE2B-B5C88F486ED0}.Release|x86.Build.0 = Release|Win32
		{4783E3F8-B6A5-404A-B904-410852C7AA08}.Debug|x64.ActiveCfg = Debug|x64
		{4783E3F8-B6A5-404A-B904-410852C7AA08}.Debug|x64.Build.0 = Debug|x64
		{4783E3F8-B6A5-404A-B904-410852C7AA08}.Debug|x86.ActiveCfg = Debug|Win32
		{4783E3F8-B6A5-404A-B904-410852C7AA08}.Debug|x86.Build.0 = Debug|Win32
		{4783E3F8-B6A5-404A-B904-410852C7AA08}.Release|x64.ActiveCfg = Release|x64
		{4783E3F8-B6A5-404A-B904-410852C7AA08}.Release|x64.Build.0 = Release|x64
		{4783E3F8-B6A5-404A-B904-410852C7AA08}.Release|x86.ActiveCfg = Release|Win32
		{4783E3F8-B6A5-404A-B904-410852C7AA08}.Release|x86.Build.0 = Release|Win32
	EndGlobalSection
	GlobalSection(SolutionProperties) = preSolution
		HideSolutionNode = FALSE
	EndGlobalSection
EndGlobal
